
Microsoft Visual Studio Solution File, Format Version 12.00
# Visual Studio Version 16
VisualStudioVersion = 16.0.31005.135
MinimumVisualStudioVersion = 10.0.40219.1
Project("{FAE04EC0-301F-11D3-BF4B-00C04F79EFBC}") = "Loops", "Loops\Loops.csproj", "{1934574E-A296-4DA8-A28D-8F2E6A06DDD3}"
EndProject
Global
	GlobalSection(SolutionConfigurationPlatforms) = preSolution
		Debug|Any CPU = Debug|Any CPU
		Release|Any CPU = Release|Any CPU
	EndGlobalSection
	GlobalSection(ProjectConfigurationPlatforms) = postSolution
		{1934574E-A296-4DA8-A28D-8F2E6A06DDD3}.Debug|Any CPU.ActiveCfg = Debug|Any CPU
		{1934574E-A296-4DA8-A28D-8F2E6A06DDD3}.Debug|Any CPU.Build.0 = Debug|Any CPU
		{1934574E-A296-4DA8-A28D-8F2E6A06DDD3}.Release|Any CPU.ActiveCfg = Release|Any CPU
		{1934574E-A296-4DA8-A28D-8F2E6A06DDD3}.Release|Any CPU.Build.0 = Release|Any CPU
	EndGlobalSection
	GlobalSection(SolutionProperties) = preSolution
		HideSolutionNode = FALSE
	EndGlobalSection
	GlobalSection(ExtensibilityGlobals) = postSolution
		SolutionGuid = {3900628C-3C96-48A6-AFE3-3BA5DE18ADEA}
	EndGlobalSection
EndGlobal
